
Microsoft Visual Studio Solution File, Format Version 12.00
# Visual Studio Version 17
VisualStudioVersion = 17.4.33213.308
MinimumVisualStudioVersion = 10.0.40219.1
Project("{FAE04EC0-301F-11D3-BF4B-00C04F79EFBC}") = "ePizzaHub.Models", "ePizzaHub.Models\ePizzaHub.Models.csproj", "{64AD68AA-3929-4D14-B9A9-7FFA710480BC}"
EndProject
Project("{FAE04EC0-301F-11D3-BF4B-00C04F79EFBC}") = "ePizzaHub.Repositories", "ePizzaHub.Repositories\ePizzaHub.Repositories.csproj", "{B9F0CC46-CF34-44CF-A8CE-46B586726477}"
EndProject
Project("{FAE04EC0-301F-11D3-BF4B-00C04F79EFBC}") = "ePizzaHub.Services", "ePizzaHub.Services\ePizzaHub.Services.csproj", "{B9B97BC3-B7BD-4D0D-9188-39EA81C30E85}"
EndProject
Project("{FAE04EC0-301F-11D3-BF4B-00C04F79EFBC}") = "ePizzaHub.UI", "ePizzaHub.UI\ePizzaHub.UI.csproj", "{5D39DFA4-C216-49D5-A3E6-C1F328C351A9}"
EndProject
Project("{FAE04EC0-301F-11D3-BF4B-00C04F79EFBC}") = "ePizzahub.Core", "ePizzahub.Core\ePizzahub.Core.csproj", "{4FF9F6CE-94E4-4483-A424-9DB9F8B1A4FA}"
EndProject
Global
	GlobalSection(SolutionConfigurationPlatforms) = preSolution
		Debug|Any CPU = Debug|Any CPU
		Release|Any CPU = Release|Any CPU
	EndGlobalSection
	GlobalSection(ProjectConfigurationPlatforms) = postSolution
		{64AD68AA-3929-4D14-B9A9-7FFA710480BC}.Debug|Any CPU.ActiveCfg = Debug|Any CPU
		{64AD68AA-3929-4D14-B9A9-7FFA710480BC}.Debug|Any CPU.Build.0 = Debug|Any CPU
		{64AD68AA-3929-4D14-B9A9-7FFA710480BC}.Release|Any CPU.ActiveCfg = Release|Any CPU
		{64AD68AA-3929-4D14-B9A9-7FFA710480BC}.Release|Any CPU.Build.0 = Release|Any CPU
		{B9F0CC46-CF34-44CF-A8CE-46B586726477}.Debug|Any CPU.ActiveCfg = Debug|Any CPU
		{B9F0CC46-CF34-44CF-A8CE-46B586726477}.Debug|Any CPU.Build.0 = Debug|Any CPU
		{B9F0CC46-CF34-44CF-A8CE-46B586726477}.Release|Any CPU.ActiveCfg = Release|Any CPU
		{B9F0CC46-CF34-44CF-A8CE-46B586726477}.Release|Any CPU.Build.0 = Release|Any CPU
		{B9B97BC3-B7BD-4D0D-9188-39EA81C30E85}.Debug|Any CPU.ActiveCfg = Debug|Any CPU
		{B9B97BC3-B7BD-4D0D-9188-39EA81C30E85}.Debug|Any CPU.Build.0 = Debug|Any CPU
		{B9B97BC3-B7BD-4D0D-9188-39EA81C30E85}.Release|Any CPU.ActiveCfg = Release|Any CPU
		{B9B97BC3-B7BD-4D0D-9188-39EA81C30E85}.Release|Any CPU.Build.0 = Release|Any CPU
		{5D39DFA4-C216-49D5-A3E6-C1F328C351A9}.Debug|Any CPU.ActiveCfg = Debug|Any CPU
		{5D39DFA4-C216-49D5-A3E6-C1F328C351A9}.Debug|Any CPU.Build.0 = Debug|Any CPU
		{5D39DFA4-C216-49D5-A3E6-C1F328C351A9}.Release|Any CPU.ActiveCfg = Release|Any CPU
		{5D39DFA4-C216-49D5-A3E6-C1F328C351A9}.Release|Any CPU.Build.0 = Release|Any CPU
		{4FF9F6CE-94E4-4483-A424-9DB9F8B1A4FA}.Debug|Any CPU.ActiveCfg = Debug|Any CPU
		{4FF9F6CE-94E4-4483-A424-9DB9F8B1A4FA}.Debug|Any CPU.Build.0 = Debug|Any CPU
		{4FF9F6CE-94E4-4483-A424-9DB9F8B1A4FA}.Release|Any CPU.ActiveCfg = Release|Any CPU
		{4FF9F6CE-94E4-4483-A424-9DB9F8B1A4FA}.Release|Any CPU.Build.0 = Release|Any CPU
	EndGlobalSection
	GlobalSection(SolutionProperties) = preSolution
		HideSolutionNode = FALSE
	EndGlobalSection
	GlobalSection(ExtensibilityGlobals) = postSolution
		SolutionGuid = {BFB553DE-EBA1-437C-A4FF-696F54D40D4C}
	EndGlobalSection
EndGlobal
